// !$*UTF8*$!
{
	archiveVersion = 1;
	classes = {
	};
	objectVersion = 55;
	objects = {

/* Begin PBXBuildFile section */
		83DCB802282CD7B200BAFC18 /* StudentListViewController.swift in Sources */ = {isa = PBXBuildFile; fileRef = 83DCB801282CD7B200BAFC18 /* StudentListViewController.swift */; };
		83DCB809282CDBCC00BAFC18 /* StudentTableViewCell.swift in Sources */ = {isa = PBXBuildFile; fileRef = 83DCB807282CDBCC00BAFC18 /* StudentTableViewCell.swift */; };
		83DCB80A282CDBCC00BAFC18 /* StudentTableViewCell.xib in Resources */ = {isa = PBXBuildFile; fileRef = 83DCB808282CDBCC00BAFC18 /* StudentTableViewCell.xib */; };
		83DCB80D282CDD6C00BAFC18 /* Student.swift in Sources */ = {isa = PBXBuildFile; fileRef = 83DCB80C282CDD6C00BAFC18 /* Student.swift */; };
		83DCB80F282CE8AB00BAFC18 /* StudentDetailsViewController.swift in Sources */ = {isa = PBXBuildFile; fileRef = 83DCB80E282CE8AB00BAFC18 /* StudentDetailsViewController.swift */; };
		83DCB811282CE9B500BAFC18 /* MySegue.swift in Sources */ = {isa = PBXBuildFile; fileRef = 83DCB810282CE9B500BAFC18 /* MySegue.swift */; };
		83DCB813282CF15700BAFC18 /* Main.storyboard in Resources */ = {isa = PBXBuildFile; fileRef = 83DCB812282CF15700BAFC18 /* Main.storyboard */; };
		83DCB815282CF84E00BAFC18 /* Data.swift in Sources */ = {isa = PBXBuildFile; fileRef = 83DCB814282CF84E00BAFC18 /* Data.swift */; };
		83DCB817282CF92700BAFC18 /* AddStudentViewController.swift in Sources */ = {isa = PBXBuildFile; fileRef = 83DCB816282CF92700BAFC18 /* AddStudentViewController.swift */; };
		83DCB819282CFB2200BAFC18 /* AboutViewController.swift in Sources */ = {isa = PBXBuildFile; fileRef = 83DCB818282CFB2200BAFC18 /* AboutViewController.swift */; };
		83F9B788282A81400086307D /* AppDelegate.swift in Sources */ = {isa = PBXBuildFile; fileRef = 83F9B787282A81400086307D /* AppDelegate.swift */; };
		83F9B78A282A81400086307D /* SceneDelegate.swift in Sources */ = {isa = PBXBuildFile; fileRef = 83F9B789282A81400086307D /* SceneDelegate.swift */; };
		83F9B78C282A81400086307D /* ViewController.swift in Sources */ = {isa = PBXBuildFile; fileRef = 83F9B78B282A81400086307D /* ViewController.swift */; };
		83F9B791282A81410086307D /* Assets.xcassets in Resources */ = {isa = PBXBuildFile; fileRef = 83F9B790282A81410086307D /* Assets.xcassets */; };
		83F9B794282A81410086307D /* LaunchScreen.storyboard in Resources */ = {isa = PBXBuildFile; fileRef = 83F9B792282A81410086307D /* LaunchScreen.storyboard */; };
/* End PBXBuildFile section */

/* Begin PBXFileReference section */
		83DCB801282CD7B200BAFC18 /* StudentListViewController.swift */ = {isa = PBXFileReference; lastKnownFileType = sourcecode.swift; path = StudentListViewController.swift; sourceTree = "<group>"; };
		83DCB807282CDBCC00BAFC18 /* StudentTableViewCell.swift */ = {isa = PBXFileReference; lastKnownFileType = sourcecode.swift; path = StudentTableViewCell.swift; sourceTree = "<group>"; };
		83DCB808282CDBCC00BAFC18 /* StudentTableViewCell.xib */ = {isa = PBXFileReference; lastKnownFileType = file.xib; path = StudentTableViewCell.xib; sourceTree = "<group>"; };
		83DCB80C282CDD6C00BAFC18 /* Student.swift */ = {isa = PBXFileReference; lastKnownFileType = sourcecode.swift; path = Student.swift; sourceTree = "<group>"; };
		83DCB80E282CE8AB00BAFC18 /* StudentDetailsViewController.swift */ = {isa = PBXFileReference; lastKnownFileType = sourcecode.swift; path = StudentDetailsViewController.swift; sourceTree = "<group>"; };
		83DCB810282CE9B500BAFC18 /* MySegue.swift */ = {isa = PBXFileReference; lastKnownFileType = sourcecode.swift; path = MySegue.swift; sourceTree = "<group>"; };
		83DCB812282CF15700BAFC18 /* Main.storyboard */ = {isa = PBXFileReference; fileEncoding = 4; lastKnownFileType = file.storyboard; path = Main.storyboard; sourceTree = "<group>"; };
		83DCB814282CF84E00BAFC18 /* Data.swift */ = {isa = PBXFileReference; lastKnownFileType = sourcecode.swift; path = Data.swift; sourceTree = "<group>"; };
		83DCB816282CF92700BAFC18 /* AddStudentViewController.swift */ = {isa = PBXFileReference; lastKnownFileType = sourcecode.swift; path = AddStudentViewController.swift; sourceTree = "<group>"; };
		83DCB818282CFB2200BAFC18 /* AboutViewController.swift */ = {isa = PBXFileReference; lastKnownFileType = sourcecode.swift; path = AboutViewController.swift; sourceTree = "<group>"; };
		83F9B784282A81400086307D /* Ex2.app */ = {isa = PBXFileReference; explicitFileType = wrapper.application; includeInIndex = 0; path = Ex2.app; sourceTree = BUILT_PRODUCTS_DIR; };
		83F9B787282A81400086307D /* AppDelegate.swift */ = {isa = PBXFileReference; lastKnownFileType = sourcecode.swift; path = AppDelegate.swift; sourceTree = "<group>"; };
		83F9B789282A81400086307D /* SceneDelegate.swift */ = {isa = PBXFileReference; lastKnownFileType = sourcecode.swift; path = SceneDelegate.swift; sourceTree = "<group>"; };
		83F9B78B282A81400086307D /* ViewController.swift */ = {isa = PBXFileReference; lastKnownFileType = sourcecode.swift; path = ViewController.swift; sourceTree = "<group>"; };
		83F9B790282A81410086307D /* Assets.xcassets */ = {isa = PBXFileReference; lastKnownFileType = folder.assetcatalog; path = Assets.xcassets; sourceTree = "<group>"; };
		83F9B793282A81410086307D /* Base */ = {isa = PBXFileReference; lastKnownFileType = file.storyboard; name = Base; path = Base.lproj/LaunchScreen.storyboard; sourceTree = "<group>"; };
		83F9B795282A81410086307D /* Info.plist */ = {isa = PBXFileReference; lastKnownFileType = text.plist.xml; path = Info.plist; sourceTree = "<group>"; };
/* End PBXFileReference section */

/* Begin PBXFrameworksBuildPhase section */
		83F9B781282A81400086307D /* Frameworks */ = {
			isa = PBXFrameworksBuildPhase;
			buildActionMask = 2147483647;
			files = (
			);
			runOnlyForDeploymentPostprocessing = 0;
		};
/* End PBXFrameworksBuildPhase section */

/* Begin PBXGroup section */
		83DCB80B282CDD5800BAFC18 /* Model */ = {
			isa = PBXGroup;
			children = (
				83DCB80C282CDD6C00BAFC18 /* Student.swift */,
				83DCB814282CF84E00BAFC18 /* Data.swift */,
			);
			path = Model;
			sourceTree = "<group>";
		};
		83F9B77B282A81400086307D = {
			isa = PBXGroup;
			children = (
				83F9B786282A81400086307D /* Ex2 */,
				83F9B785282A81400086307D /* Products */,
			);
			sourceTree = "<group>";
		};
		83F9B785282A81400086307D /* Products */ = {
			isa = PBXGroup;
			children = (
				83F9B784282A81400086307D /* Ex2.app */,
			);
			name = Products;
			sourceTree = "<group>";
		};
		83F9B786282A81400086307D /* Ex2 */ = {
			isa = PBXGroup;
			children = (
				83DCB80B282CDD5800BAFC18 /* Model */,
				83F9B787282A81400086307D /* AppDelegate.swift */,
				83F9B789282A81400086307D /* SceneDelegate.swift */,
				83F9B78B282A81400086307D /* ViewController.swift */,
				83F9B790282A81410086307D /* Assets.xcassets */,
				83DCB812282CF15700BAFC18 /* Main.storyboard */,
				83F9B792282A81410086307D /* LaunchScreen.storyboard */,
				83F9B795282A81410086307D /* Info.plist */,
				83DCB801282CD7B200BAFC18 /* StudentListViewController.swift */,
				83DCB816282CF92700BAFC18 /* AddStudentViewController.swift */,
				83DCB818282CFB2200BAFC18 /* AboutViewController.swift */,
				83DCB807282CDBCC00BAFC18 /* StudentTableViewCell.swift */,
				83DCB808282CDBCC00BAFC18 /* StudentTableViewCell.xib */,
				83DCB80E282CE8AB00BAFC18 /* StudentDetailsViewController.swift */,
				83DCB810282CE9B500BAFC18 /* MySegue.swift */,
			);
			path = Ex2;
			sourceTree = "<group>";
		};
/* End PBXGroup section */

/* Begin PBXNativeTarget section */
		83F9B783282A81400086307D /* Ex2 */ = {
			isa = PBXNativeTarget;
			buildConfigurationList = 83F9B798282A81410086307D /* Build configuration list for PBXNativeTarget "Ex2" */;
			buildPhases = (
				83F9B780282A81400086307D /* Sources */,
				83F9B781282A81400086307D /* Frameworks */,
				83F9B782282A81400086307D /* Resources */,
			);
			buildRules = (
			);
			dependencies = (
			);
			name = Ex2;
			productName = Ex2;
			productReference = 83F9B784282A81400086307D /* Ex2.app */;
			productType = "com.apple.product-type.application";
		};
/* End PBXNativeTarget section */

/* Begin PBXProject section */
		83F9B77C282A81400086307D /* Project object */ = {
			isa = PBXProject;
			attributes = {
				BuildIndependentTargetsInParallel = 1;
				LastSwiftUpdateCheck = 1330;
				LastUpgradeCheck = 1330;
				TargetAttributes = {
					83F9B783282A81400086307D = {
						CreatedOnToolsVersion = 13.3;
					};
				};
			};
			buildConfigurationList = 83F9B77F282A81400086307D /* Build configuration list for PBXProject "Ex2" */;
			compatibilityVersion = "Xcode 13.0";
			developmentRegion = en;
			hasScannedForEncodings = 0;
			knownRegions = (
				en,
				Base,
			);
			mainGroup = 83F9B77B282A81400086307D;
			productRefGroup = 83F9B785282A81400086307D /* Products */;
			projectDirPath = "";
			projectRoot = "";
			targets = (
				83F9B783282A81400086307D /* Ex2 */,
			);
		};
/* End PBXProject section */

/* Begin PBXResourcesBuildPhase section */
		83F9B782282A81400086307D /* Resources */ = {
			isa = PBXResourcesBuildPhase;
			buildActionMask = 2147483647;
			files = (
				83F9B794282A81410086307D /* LaunchScreen.storyboard in Resources */,
				83F9B791282A81410086307D /* Assets.xcassets in Resources */,
				83DCB80A282CDBCC00BAFC18 /* StudentTableViewCell.xib in Resources */,
				83DCB813282CF15700BAFC18 /* Main.storyboard in Resources */,
			);
			runOnlyForDeploymentPostprocessing = 0;
		};
/* End PBXResourcesBuildPhase section */

/* Begin PBXSourcesBuildPhase section */
		83F9B780282A81400086307D /* Sources */ = {
			isa = PBXSourcesBuildPhase;
			buildActionMask = 2147483647;
			files = (
				83DCB802282CD7B200BAFC18 /* StudentListViewController.swift in Sources */,
				83DCB80F282CE8AB00BAFC18 /* StudentDetailsViewController.swift in Sources */,
				83DCB819282CFB2200BAFC18 /* AboutViewController.swift in Sources */,
				83DCB80D282CDD6C00BAFC18 /* Student.swift in Sources */,
				83DCB809282CDBCC00BAFC18 /* StudentTableViewCell.swift in Sources */,
				83DCB811282CE9B500BAFC18 /* MySegue.swift in Sources */,
				83F9B78C282A81400086307D /* ViewController.swift in Sources */,
				83DCB817282CF92700BAFC18 /* AddStudentViewController.swift in Sources */,
				83F9B788282A81400086307D /* AppDelegate.swift in Sources */,
				83DCB815282CF84E00BAFC18 /* Data.swift in Sources */,
				83F9B78A282A81400086307D /* SceneDelegate.swift in Sources */,
			);
			runOnlyForDeploymentPostprocessing = 0;
		};
/* End PBXSourcesBuildPhase section */

/* Begin PBXVariantGroup section */
		83F9B792282A81410086307D /* LaunchScreen.storyboard */ = {
			isa = PBXVariantGroup;
			children = (
				83F9B793282A81410086307D /* Base */,
			);
			name = LaunchScreen.storyboard;
			sourceTree = "<group>";
		};
/* End PBXVariantGroup section */

/* Begin XCBuildConfiguration section */
		83F9B796282A81410086307D /* Debug */ = {
			isa = XCBuildConfiguration;
			buildSettings = {
				ALWAYS_SEARCH_USER_PATHS = NO;
				CLANG_ANALYZER_NONNULL = YES;
				CLANG_ANALYZER_NUMBER_OBJECT_CONVERSION = YES_AGGRESSIVE;
				CLANG_CXX_LANGUAGE_STANDARD = "gnu++17";
				CLANG_ENABLE_MODULES = YES;
				CLANG_ENABLE_OBJC_ARC = YES;
				CLANG_ENABLE_OBJC_WEAK = YES;
				CLANG_WARN_BLOCK_CAPTURE_AUTORELEASING = YES;
				CLANG_WARN_BOOL_CONVERSION = YES;
				CLANG_WARN_COMMA = YES;
				CLANG_WARN_CONSTANT_CONVERSION = YES;
				CLANG_WARN_DEPRECATED_OBJC_IMPLEMENTATIONS = YES;
				CLANG_WARN_DIRECT_OBJC_ISA_USAGE = YES_ERROR;
				CLANG_WARN_DOCUMENTATION_COMMENTS = YES;
				CLANG_WARN_EMPTY_BODY = YES;
				CLANG_WARN_ENUM_CONVERSION = YES;
				CLANG_WARN_INFINITE_RECURSION = YES;
				CLANG_WARN_INT_CONVERSION = YES;
				CLANG_WARN_NON_LITERAL_NULL_CONVERSION = YES;
				CLANG_WARN_OBJC_IMPLICIT_RETAIN_SELF = YES;
				CLANG_WARN_OBJC_LITERAL_CONVERSION = YES;
				CLANG_WARN_OBJC_ROOT_CLASS = YES_ERROR;
				CLANG_WARN_QUOTED_INCLUDE_IN_FRAMEWORK_HEADER = YES;
				CLANG_WARN_RANGE_LOOP_ANALYSIS = YES;
				CLANG_WARN_STRICT_PROTOTYPES = YES;
				CLANG_WARN_SUSPICIOUS_MOVE = YES;
				CLANG_WARN_UNGUARDED_AVAILABILITY = YES_AGGRESSIVE;
				CLANG_WARN_UNREACHABLE_CODE = YES;
				CLANG_WARN__DUPLICATE_METHOD_MATCH = YES;
				COPY_PHASE_STRIP = NO;
				DEBUG_INFORMATION_FORMAT = dwarf;
				ENABLE_STRICT_OBJC_MSGSEND = YES;
				ENABLE_TESTABILITY = YES;
				GCC_C_LANGUAGE_STANDARD = gnu11;
				GCC_DYNAMIC_NO_PIC = NO;
				GCC_NO_COMMON_BLOCKS = YES;
				GCC_OPTIMIZATION_LEVEL = 0;
				GCC_PREPROCESSOR_DEFINITIONS = (
					"DEBUG=1",
					"$(inherited)",
				);
				GCC_WARN_64_TO_32_BIT_CONVERSION = YES;
				GCC_WARN_ABOUT_RETURN_TYPE = YES_ERROR;
				GCC_WARN_UNDECLARED_SELECTOR = YES;
				GCC_WARN_UNINITIALIZED_AUTOS = YES_AGGRESSIVE;
				GCC_WARN_UNUSED_FUNCTION = YES;
				GCC_WARN_UNUSED_VARIABLE = YES;
				IPHONEOS_DEPLOYMENT_TARGET = 15.4;
				MTL_ENABLE_DEBUG_INFO = INCLUDE_SOURCE;
				MTL_FAST_MATH = YES;
				ONLY_ACTIVE_ARCH = YES;
				SDKROOT = iphoneos;
				SWIFT_ACTIVE_COMPILATION_CONDITIONS = DEBUG;
				SWIFT_OPTIMIZATION_LEVEL = "-Onone";
			};
			name = Debug;
		};
		83F9B797282A81410086307D /* Release */ = {
			isa = XCBuildConfiguration;
			buildSettings = {
				ALWAYS_SEARCH_USER_PATHS = NO;
				CLANG_ANALYZER_NONNULL = YES;
				CLANG_ANALYZER_NUMBER_OBJECT_CONVERSION = YES_AGGRESSIVE;
				CLANG_CXX_LANGUAGE_STANDARD = "gnu++17";
				CLANG_ENABLE_MODULES = YES;
				CLANG_ENABLE_OBJC_ARC = YES;
				CLANG_ENABLE_OBJC_WEAK = YES;
				CLANG_WARN_BLOCK_CAPTURE_AUTORELEASING = YES;
				CLANG_WARN_BOOL_CONVERSION = YES;
				CLANG_WARN_COMMA = YES;
				CLANG_WARN_CONSTANT_CONVERSION = YES;
				CLANG_WARN_DEPRECATED_OBJC_IMPLEMENTATIONS = YES;
				CLANG_WARN_DIRECT_OBJC_ISA_USAGE = YES_ERROR;
				CLANG_WARN_DOCUMENTATION_COMMENTS = YES;
				CLANG_WARN_EMPTY_BODY = YES;
				CLANG_WARN_ENUM_CONVERSION = YES;
				CLANG_WARN_INFINITE_RECURSION = YES;
				CLANG_WARN_INT_CONVERSION = YES;
				CLANG_WARN_NON_LITERAL_NULL_CONVERSION = YES;
				CLANG_WARN_OBJC_IMPLICIT_RETAIN_SELF = YES;
				CLANG_WARN_OBJC_LITERAL_CONVERSION = YES;
				CLANG_WARN_OBJC_ROOT_CLASS = YES_ERROR;
				CLANG_WARN_QUOTED_INCLUDE_IN_FRAMEWORK_HEADER = YES;
				CLANG_WARN_RANGE_LOOP_ANALYSIS = YES;
				CLANG_WARN_STRICT_PROTOTYPES = YES;
				CLANG_WARN_SUSPICIOUS_MOVE = YES;
				CLANG_WARN_UNGUARDED_AVAILABILITY = YES_AGGRESSIVE;
				CLANG_WARN_UNREACHABLE_CODE = YES;
				CLANG_WARN__DUPLICATE_METHOD_MATCH = YES;
				COPY_PHASE_STRIP = NO;
				DEBUG_INFORMATION_FORMAT = "dwarf-with-dsym";
				ENABLE_NS_ASSERTIONS = NO;
				ENABLE_STRICT_OBJC_MSGSEND = YES;
				GCC_C_LANGUAGE_STANDARD = gnu11;
				GCC_NO_COMMON_BLOCKS = YES;
				GCC_WARN_64_TO_32_BIT_CONVERSION = YES;
				GCC_WARN_ABOUT_RETURN_TYPE = YES_ERROR;
				GCC_WARN_UNDECLARED_SELECTOR = YES;
				GCC_WARN_UNINITIALIZED_AUTOS = YES_AGGRESSIVE;
				GCC_WARN_UNUSED_FUNCTION = YES;
				GCC_WARN_UNUSED_VARIABLE = YES;
				IPHONEOS_DEPLOYMENT_TARGET = 15.4;
				MTL_ENABLE_DEBUG_INFO = NO;
				MTL_FAST_MATH = YES;
				SDKROOT = iphoneos;
				SWIFT_COMPILATION_MODE = wholemodule;
				SWIFT_OPTIMIZATION_LEVEL = "-O";
				VALIDATE_PRODUCT = YES;
			};
			name = Release;
		};
		83F9B799282A81410086307D /* Debug */ = {
			isa = XCBuildConfiguration;
			buildSettings = {
				ASSETCATALOG_COMPILER_APPICON_NAME = AppIcon;
				ASSETCATALOG_COMPILER_GLOBAL_ACCENT_COLOR_NAME = AccentColor;
				CODE_SIGN_STYLE = Automatic;
				CURRENT_PROJECT_VERSION = 1;
				DEVELOPMENT_TEAM = 79Z6JC2989;
				GENERATE_INFOPLIST_FILE = YES;
				INFOPLIST_FILE = Ex2/Info.plist;
				INFOPLIST_KEY_UIApplicationSupportsIndirectInputEvents = YES;
				INFOPLIST_KEY_UILaunchStoryboardName = LaunchScreen;
				INFOPLIST_KEY_UIMainStoryboardFile = Main;
				INFOPLIST_KEY_UISupportedInterfaceOrientations_iPad = "UIInterfaceOrientationPortrait UIInterfaceOrientationPortraitUpsideDown UIInterfaceOrientationLandscapeLeft UIInterfaceOrientationLandscapeRight";
				INFOPLIST_KEY_UISupportedInterfaceOrientations_iPhone = "UIInterfaceOrientationPortrait UIInterfaceOrientationLandscapeLeft UIInterfaceOrientationLandscapeRight";
				LD_RUNPATH_SEARCH_PATHS = (
					"$(inherited)",
					"@executable_path/Frameworks",
				);
				MARKETING_VERSION = 1.0;
				PRODUCT_BUNDLE_IDENTIFIER = test.Ex2;
				PRODUCT_NAME = "$(TARGET_NAME)";
				SWIFT_EMIT_LOC_STRINGS = YES;
				SWIFT_VERSION = 5.0;
				TARGETED_DEVICE_FAMILY = "1,2";
			};
			name = Debug;
		};
		83F9B79A282A81410086307D /* Release */ = {
			isa = XCBuildConfiguration;
			buildSettings = {
				ASSETCATALOG_COMPILER_APPICON_NAME = AppIcon;
				ASSETCATALOG_COMPILER_GLOBAL_ACCENT_COLOR_NAME = AccentColor;
				CODE_SIGN_STYLE = Automatic;
				CURRENT_PROJECT_VERSION = 1;
				DEVELOPMENT_TEAM = 79Z6JC2989;
				GENERATE_INFOPLIST_FILE = YES;
				INFOPLIST_FILE = Ex2/Info.plist;
				INFOPLIST_KEY_UIApplicationSupportsIndirectInputEvents = YES;
				INFOPLIST_KEY_UILaunchStoryboardName = LaunchScreen;
				INFOPLIST_KEY_UIMainStoryboardFile = Main;
				INFOPLIST_KEY_UISupportedInterfaceOrientations_iPad = "UIInterfaceOrientationPortrait UIInterfaceOrientationPortraitUpsideDown UIInterfaceOrientationLandscapeLeft UIInterfaceOrientationLandscapeRight";
				INFOPLIST_KEY_UISupportedInterfaceOrientations_iPhone = "UIInterfaceOrientationPortrait UIInterfaceOrientationLandscapeLeft UIInterfaceOrientationLandscapeRight";
				LD_RUNPATH_SEARCH_PATHS = (
					"$(inherited)",
					"@executable_path/Frameworks",
				);
				MARKETING_VERSION = 1.0;
				PRODUCT_BUNDLE_IDENTIFIER = test.Ex2;
				PRODUCT_NAME = "$(TARGET_NAME)";
				SWIFT_EMIT_LOC_STRINGS = YES;
				SWIFT_VERSION = 5.0;
				TARGETED_DEVICE_FAMILY = "1,2";
			};
			name = Release;
		};
/* End XCBuildConfiguration section */

/* Begin XCConfigurationList section */
		83F9B77F282A81400086307D /* Build configuration list for PBXProject "Ex2" */ = {
			isa = XCConfigurationList;
			buildConfigurations = (
				83F9B796282A81410086307D /* Debug */,
				83F9B797282A81410086307D /* Release */,
			);
			defaultConfigurationIsVisible = 0;
			defaultConfigurationName = Release;
		};
		83F9B798282A81410086307D /* Build configuration list for PBXNativeTarget "Ex2" */ = {
			isa = XCConfigurationList;
			buildConfigurations = (
				83F9B799282A81410086307D /* Debug */,
				83F9B79A282A81410086307D /* Release */,
			);
			defaultConfigurationIsVisible = 0;
			defaultConfigurationName = Release;
		};
/* End XCConfigurationList section */
	};
	rootObject = 83F9B77C282A81400086307D /* Project object */;
}
